
Microsoft Visual Studio Solution File, Format Version 12.00
# Visual Studio Version 16
VisualStudioVersion = 16.0.30320.27
MinimumVisualStudioVersion = 10.0.40219.1
Project("{9A19103F-16F7-4668-BE54-9A1E7A4F7556}") = "TheGameShop.Api", "TheGameShop.Api\TheGameShop.Api.csproj", "{82D407F5-7EA3-4456-80E1-C609EDFC3362}"
EndProject
Project("{9A19103F-16F7-4668-BE54-9A1E7A4F7556}") = "TheGamesShop.Core", "TheGamesShop.Core\TheGamesShop.Core.csproj", "{69D03C9D-EF9D-4B62-A089-CF21967A8B0C}"
EndProject
Project("{9A19103F-16F7-4668-BE54-9A1E7A4F7556}") = "TheGameShop.Infrastructure", "TheGameShop.Infrastructure\TheGameShop.Infrastructure.csproj", "{11FAECEC-EEC1-4130-B40B-35659453FCB3}"
EndProject
Project("{FAE04EC0-301F-11D3-BF4B-00C04F79EFBC}") = "TheGameShop.Mobile.Android", "TheGameShop.Mobile\TheGameShop.Mobile.Android\TheGameShop.Mobile.Android.csproj", "{7AAE5730-2233-4B26-AA2F-7901AE0EA7DC}"
EndProject
Project("{FAE04EC0-301F-11D3-BF4B-00C04F79EFBC}") = "TheGameShop.Mobile.iOS", "TheGameShop.Mobile\TheGameShop.Mobile.iOS\TheGameShop.Mobile.iOS.csproj", "{0AD2E3A8-6A36-4E45-9436-84D968444626}"
EndProject
Project("{FAE04EC0-301F-11D3-BF4B-00C04F79EFBC}") = "TheGameShop.Mobile", "TheGameShop.Mobile\TheGameShop.Mobile\TheGameShop.Mobile.csproj", "{4F888812-0E0A-4C25-9163-DFBE7950E6BA}"
EndProject
Global
	GlobalSection(SolutionConfigurationPlatforms) = preSolution
		Debug|Any CPU = Debug|Any CPU
		Debug|iPhone = Debug|iPhone
		Debug|iPhoneSimulator = Debug|iPhoneSimulator
		Release|Any CPU = Release|Any CPU
		Release|iPhone = Release|iPhone
		Release|iPhoneSimulator = Release|iPhoneSimulator
	EndGlobalSection
	GlobalSection(ProjectConfigurationPlatforms) = postSolution
		{82D407F5-7EA3-4456-80E1-C609EDFC3362}.Debug|Any CPU.ActiveCfg = Debug|Any CPU
		{82D407F5-7EA3-4456-80E1-C609EDFC3362}.Debug|Any CPU.Build.0 = Debug|Any CPU
		{82D407F5-7EA3-4456-80E1-C609EDFC3362}.Debug|iPhone.ActiveCfg = Debug|Any CPU
		{82D407F5-7EA3-4456-80E1-C609EDFC3362}.Debug|iPhone.Build.0 = Debug|Any CPU
		{82D407F5-7EA3-4456-80E1-C609EDFC3362}.Debug|iPhoneSimulator.ActiveCfg = Debug|Any CPU
		{82D407F5-7EA3-4456-80E1-C609EDFC3362}.Debug|iPhoneSimulator.Build.0 = Debug|Any CPU
		{82D407F5-7EA3-4456-80E1-C609EDFC3362}.Release|Any CPU.ActiveCfg = Release|Any CPU
		{82D407F5-7EA3-4456-80E1-C609EDFC3362}.Release|Any CPU.Build.0 = Release|Any CPU
		{82D407F5-7EA3-4456-80E1-C609EDFC3362}.Release|iPhone.ActiveCfg = Release|Any CPU
		{82D407F5-7EA3-4456-80E1-C609EDFC3362}.Release|iPhone.Build.0 = Release|Any CPU
		{82D407F5-7EA3-4456-80E1-C609EDFC3362}.Release|iPhoneSimulator.ActiveCfg = Release|Any CPU
		{82D407F5-7EA3-4456-80E1-C609EDFC3362}.Release|iPhoneSimulator.Build.0 = Release|Any CPU
		{69D03C9D-EF9D-4B62-A089-CF21967A8B0C}.Debug|Any CPU.ActiveCfg = Debug|Any CPU
		{69D03C9D-EF9D-4B62-A089-CF21967A8B0C}.Debug|Any CPU.Build.0 = Debug|Any CPU
		{69D03C9D-EF9D-4B62-A089-CF21967A8B0C}.Debug|iPhone.ActiveCfg = Debug|Any CPU
		{69D03C9D-EF9D-4B62-A089-CF21967A8B0C}.Debug|iPhone.Build.0 = Debug|Any CPU
		{69D03C9D-EF9D-4B62-A089-CF21967A8B0C}.Debug|iPhoneSimulator.ActiveCfg = Debug|Any CPU
		{69D03C9D-EF9D-4B62-A089-CF21967A8B0C}.Debug|iPhoneSimulator.Build.0 = Debug|Any CPU
		{69D03C9D-EF9D-4B62-A089-CF21967A8B0C}.Release|Any CPU.ActiveCfg = Release|Any CPU
		{69D03C9D-EF9D-4B62-A089-CF21967A8B0C}.Release|Any CPU.Build.0 = Release|Any CPU
		{69D03C9D-EF9D-4B62-A089-CF21967A8B0C}.Release|iPhone.ActiveCfg = Release|Any CPU
		{69D03C9D-EF9D-4B62-A089-CF21967A8B0C}.Release|iPhone.Build.0 = Release|Any CPU
		{69D03C9D-EF9D-4B62-A089-CF21967A8B0C}.Release|iPhoneSimulator.ActiveCfg = Release|Any CPU
		{69D03C9D-EF9D-4B62-A089-CF21967A8B0C}.Release|iPhoneSimulator.Build.0 = Release|Any CPU
		{11FAECEC-EEC1-4130-B40B-35659453FCB3}.Debug|Any CPU.ActiveCfg = Debug|Any CPU
		{11FAECEC-EEC1-4130-B40B-35659453FCB3}.Debug|Any CPU.Build.0 = Debug|Any CPU
		{11FAECEC-EEC1-4130-B40B-35659453FCB3}.Debug|iPhone.ActiveCfg = Debug|Any CPU
		{11FAECEC-EEC1-4130-B40B-35659453FCB3}.Debug|iPhone.Build.0 = Debug|Any CPU
		{11FAECEC-EEC1-4130-B40B-35659453FCB3}.Debug|iPhoneSimulator.ActiveCfg = Debug|Any CPU
		{11FAECEC-EEC1-4130-B40B-35659453FCB3}.Debug|iPhoneSimulator.Build.0 = Debug|Any CPU
		{11FAECEC-EEC1-4130-B40B-35659453FCB3}.Release|Any CPU.ActiveCfg = Release|Any CPU
		{11FAECEC-EEC1-4130-B40B-35659453FCB3}.Release|Any CPU.Build.0 = Release|Any CPU
		{11FAECEC-EEC1-4130-B40B-35659453FCB3}.Release|iPhone.ActiveCfg = Release|Any CPU
		{11FAECEC-EEC1-4130-B40B-35659453FCB3}.Release|iPhone.Build.0 = Release|Any CPU
		{11FAECEC-EEC1-4130-B40B-35659453FCB3}.Release|iPhoneSimulator.ActiveCfg = Release|Any CPU
		{11FAECEC-EEC1-4130-B40B-35659453FCB3}.Release|iPhoneSimulator.Build.0 = Release|Any CPU
		{7AAE5730-2233-4B26-AA2F-7901AE0EA7DC}.Debug|Any CPU.ActiveCfg = Debug|Any CPU
		{7AAE5730-2233-4B26-AA2F-7901AE0EA7DC}.Debug|Any CPU.Build.0 = Debug|Any CPU
		{7AAE5730-2233-4B26-AA2F-7901AE0EA7DC}.Debug|Any CPU.Deploy.0 = Debug|Any CPU
		{7AAE5730-2233-4B26-AA2F-7901AE0EA7DC}.Debug|iPhone.ActiveCfg = Debug|Any CPU
		{7AAE5730-2233-4B26-AA2F-7901AE0EA7DC}.Debug|iPhone.Build.0 = Debug|Any CPU
		{7AAE5730-2233-4B26-AA2F-7901AE0EA7DC}.Debug|iPhone.Deploy.0 = Debug|Any CPU
		{7AAE5730-2233-4B26-AA2F-7901AE0EA7DC}.Debug|iPhoneSimulator.ActiveCfg = Debug|Any CPU
		{7AAE5730-2233-4B26-AA2F-7901AE0EA7DC}.Debug|iPhoneSimulator.Build.0 = Debug|Any CPU
		{7AAE5730-2233-4B26-AA2F-7901AE0EA7DC}.Debug|iPhoneSimulator.Deploy.0 = Debug|Any CPU
		{7AAE5730-2233-4B26-AA2F-7901AE0EA7DC}.Release|Any CPU.ActiveCfg = Release|Any CPU
		{7AAE5730-2233-4B26-AA2F-7901AE0EA7DC}.Release|Any CPU.Build.0 = Release|Any CPU
		{7AAE5730-2233-4B26-AA2F-7901AE0EA7DC}.Release|Any CPU.Deploy.0 = Release|Any CPU
		{7AAE5730-2233-4B26-AA2F-7901AE0EA7DC}.Release|iPhone.ActiveCfg = Release|Any CPU
		{7AAE5730-2233-4B26-AA2F-7901AE0EA7DC}.Release|iPhone.Build.0 = Release|Any CPU
		{7AAE5730-2233-4B26-AA2F-7901AE0EA7DC}.Release|iPhone.Deploy.0 = Release|Any CPU
		{7AAE5730-2233-4B26-AA2F-7901AE0EA7DC}.Release|iPhoneSimulator.ActiveCfg = Release|Any CPU
		{7AAE5730-2233-4B26-AA2F-7901AE0EA7DC}.Release|iPhoneSimulator.Build.0 = Release|Any CPU
		{7AAE5730-2233-4B26-AA2F-7901AE0EA7DC}.Release|iPhoneSimulator.Deploy.0 = Release|Any CPU
		{0AD2E3A8-6A36-4E45-9436-84D968444626}.Debug|Any CPU.ActiveCfg = Debug|iPhone
		{0AD2E3A8-6A36-4E45-9436-84D968444626}.Debug|iPhone.ActiveCfg = Debug|iPhone
		{0AD2E3A8-6A36-4E45-9436-84D968444626}.Debug|iPhone.Build.0 = Debug|iPhone
		{0AD2E3A8-6A36-4E45-9436-84D968444626}.Debug|iPhoneSimulator.ActiveCfg = Debug|iPhoneSimulator
		{0AD2E3A8-6A36-4E45-9436-84D968444626}.Debug|iPhoneSimulator.Build.0 = Debug|iPhoneSimulator
		{0AD2E3A8-6A36-4E45-9436-84D968444626}.Release|Any CPU.ActiveCfg = Release|iPhone
		{0AD2E3A8-6A36-4E45-9436-84D968444626}.Release|iPhone.ActiveCfg = Release|iPhone
		{0AD2E3A8-6A36-4E45-9436-84D968444626}.Release|iPhone.Build.0 = Release|iPhone
		{0AD2E3A8-6A36-4E45-9436-84D968444626}.Release|iPhoneSimulator.ActiveCfg = Release|iPhoneSimulator
		{0AD2E3A8-6A36-4E45-9436-84D968444626}.Release|iPhoneSimulator.Build.0 = Release|iPhoneSimulator
		{4F888812-0E0A-4C25-9163-DFBE7950E6BA}.Debug|Any CPU.ActiveCfg = Debug|Any CPU
		{4F888812-0E0A-4C25-9163-DFBE7950E6BA}.Debug|Any CPU.Build.0 = Debug|Any CPU
		{4F888812-0E0A-4C25-9163-DFBE7950E6BA}.Debug|iPhone.ActiveCfg = Debug|Any CPU
		{4F888812-0E0A-4C25-9163-DFBE7950E6BA}.Debug|iPhone.Build.0 = Debug|Any CPU
		{4F888812-0E0A-4C25-9163-DFBE7950E6BA}.Debug|iPhoneSimulator.ActiveCfg = Debug|Any CPU
		{4F888812-0E0A-4C25-9163-DFBE7950E6BA}.Debug|iPhoneSimulator.Build.0 = Debug|Any CPU
		{4F888812-0E0A-4C25-9163-DFBE7950E6BA}.Release|Any CPU.ActiveCfg = Release|Any CPU
		{4F888812-0E0A-4C25-9163-DFBE7950E6BA}.Release|Any CPU.Build.0 = Release|Any CPU
		{4F888812-0E0A-4C25-9163-DFBE7950E6BA}.Release|iPhone.ActiveCfg = Release|Any CPU
		{4F888812-0E0A-4C25-9163-DFBE7950E6BA}.Release|iPhone.Build.0 = Release|Any CPU
		{4F888812-0E0A-4C25-9163-DFBE7950E6BA}.Release|iPhoneSimulator.ActiveCfg = Release|Any CPU
		{4F888812-0E0A-4C25-9163-DFBE7950E6BA}.Release|iPhoneSimulator.Build.0 = Release|Any CPU
	EndGlobalSection
	GlobalSection(SolutionProperties) = preSolution
		HideSolutionNode = FALSE
	EndGlobalSection
	GlobalSection(ExtensibilityGlobals) = postSolution
		SolutionGuid = {6D712321-B995-4D1F-B746-E7E2F3D60E07}
	EndGlobalSection
EndGlobal
